
Microsoft Visual Studio Solution File, Format Version 12.00
# Visual Studio Version 16
VisualStudioVersion = 16.0.30709.132
MinimumVisualStudioVersion = 10.0.40219.1
Project("{9A19103F-16F7-4668-BE54-9A1E7A4F7556}") = "employee-management-system", "employee-management-system.csproj", "{959FD1AE-202C-498C-8D31-501DD977B45C}"
EndProject
Global
	GlobalSection(SolutionConfigurationPlatforms) = preSolution
		Debug|Any CPU = Debug|Any CPU
		Release|Any CPU = Release|Any CPU
	EndGlobalSection
	GlobalSection(ProjectConfigurationPlatforms) = postSolution
		{959FD1AE-202C-498C-8D31-501DD977B45C}.Debug|Any CPU.ActiveCfg = Debug|Any CPU
		{959FD1AE-202C-498C-8D31-501DD977B45C}.Debug|Any CPU.Build.0 = Debug|Any CPU
		{959FD1AE-202C-498C-8D31-501DD977B45C}.Release|Any CPU.ActiveCfg = Release|Any CPU
		{959FD1AE-202C-498C-8D31-501DD977B45C}.Release|Any CPU.Build.0 = Release|Any CPU
	EndGlobalSection
	GlobalSection(SolutionProperties) = preSolution
		HideSolutionNode = FALSE
	EndGlobalSection
	GlobalSection(ExtensibilityGlobals) = postSolution
		SolutionGuid = {2D1017AF-644D-48C4-9E3E-A24579EBE30B}
	EndGlobalSection
EndGlobal
